
Microsoft Visual Studio Solution File, Format Version 12.00
# Visual Studio Version 16
VisualStudioVersion = 16.0.30907.101
MinimumVisualStudioVersion = 10.0.40219.1
Project("{FAE04EC0-301F-11D3-BF4B-00C04F79EFBC}") = "WebApplicationNet5", "WebApplicationNet5.csproj", "{C4C8CBC2-30E9-4213-A56E-716E38A6072E}"
EndProject
Global
	GlobalSection(SolutionConfigurationPlatforms) = preSolution
		Debug|Any CPU = Debug|Any CPU
		Release|Any CPU = Release|Any CPU
	EndGlobalSection
	GlobalSection(ProjectConfigurationPlatforms) = postSolution
		{C4C8CBC2-30E9-4213-A56E-716E38A6072E}.Debug|Any CPU.ActiveCfg = Debug|Any CPU
		{C4C8CBC2-30E9-4213-A56E-716E38A6072E}.Debug|Any CPU.Build.0 = Debug|Any CPU
		{C4C8CBC2-30E9-4213-A56E-716E38A6072E}.Release|Any CPU.ActiveCfg = Release|Any CPU
		{C4C8CBC2-30E9-4213-A56E-716E38A6072E}.Release|Any CPU.Build.0 = Release|Any CPU
	EndGlobalSection
	GlobalSection(SolutionProperties) = preSolution
		HideSolutionNode = FALSE
	EndGlobalSection
	GlobalSection(ExtensibilityGlobals) = postSolution
		SolutionGuid = {2CF109A0-38BE-43D1-A94F-722BE8610B1E}
	EndGlobalSection
EndGlobal
